
Microsoft Visual Studio Solution File, Format Version 12.00
# Visual Studio Version 17
VisualStudioVersion = 17.14.36401.2 d17.14
MinimumVisualStudioVersion = 10.0.40219.1
Project("{FAE04EC0-301F-11D3-BF4B-00C04F79EFBC}") = "chatapp_back", "chatapp_back.csproj", "{FA4048A9-1B0D-4FD3-972B-94E8341177EC}"
EndProject
Global
	GlobalSection(SolutionConfigurationPlatforms) = preSolution
		Debug|Any CPU = Debug|Any CPU
		Release|Any CPU = Release|Any CPU
	EndGlobalSection
	GlobalSection(ProjectConfigurationPlatforms) = postSolution
		{FA4048A9-1B0D-4FD3-972B-94E8341177EC}.Debug|Any CPU.ActiveCfg = Debug|Any CPU
		{FA4048A9-1B0D-4FD3-972B-94E8341177EC}.Debug|Any CPU.Build.0 = Debug|Any CPU
		{FA4048A9-1B0D-4FD3-972B-94E8341177EC}.Release|Any CPU.ActiveCfg = Release|Any CPU
		{FA4048A9-1B0D-4FD3-972B-94E8341177EC}.Release|Any CPU.Build.0 = Release|Any CPU
	EndGlobalSection
	GlobalSection(SolutionProperties) = preSolution
		HideSolutionNode = FALSE
	EndGlobalSection
	GlobalSection(ExtensibilityGlobals) = postSolution
		SolutionGuid = {D2B857E5-1167-45A7-AB2E-BF73B743AF9C}
	EndGlobalSection
EndGlobal
